// !$*UTF8*$!
{
	archiveVersion = 1;
	classes = {
	};
	objectVersion = 46;
	objects = {

/* Begin PBXBuildFile section */
		9B04550E150640BA007F8E7C /* Foundation.framework in Frameworks */ = {isa = PBXBuildFile; fileRef = 9B04550D150640BA007F8E7C /* Foundation.framework */; };
		9B045514150640BA007F8E7C /* NGMoviePlayerView.m in Sources */ = {isa = PBXBuildFile; fileRef = 9B045513150640BA007F8E7C /* NGMoviePlayerView.m */; };
		9B0455741506421D007F8E7C /* NGScrubber.h in Headers */ = {isa = PBXBuildFile; fileRef = 9B0455721506421D007F8E7C /* NGScrubber.h */; };
		9B0455751506421D007F8E7C /* NGScrubber.m in Sources */ = {isa = PBXBuildFile; fileRef = 9B0455731506421D007F8E7C /* NGScrubber.m */; };
		9B0455781506448D007F8E7C /* AVFoundation.framework in Frameworks */ = {isa = PBXBuildFile; fileRef = 9B0455771506448D007F8E7C /* AVFoundation.framework */; };
		9B04557A15064493007F8E7C /* QuartzCore.framework in Frameworks */ = {isa = PBXBuildFile; fileRef = 9B04557915064493007F8E7C /* QuartzCore.framework */; };
		9B04557C15064499007F8E7C /* UIKit.framework in Frameworks */ = {isa = PBXBuildFile; fileRef = 9B04557B15064499007F8E7C /* UIKit.framework */; };
		9B04557F150644EE007F8E7C /* NGMoviePlayerLayerView.h in Headers */ = {isa = PBXBuildFile; fileRef = 9B04557D150644EE007F8E7C /* NGMoviePlayerLayerView.h */; };
		9B045580150644EE007F8E7C /* NGMoviePlayerLayerView.m in Sources */ = {isa = PBXBuildFile; fileRef = 9B04557E150644EE007F8E7C /* NGMoviePlayerLayerView.m */; };
		9B04558215064569007F8E7C /* NGMoviePlayerDelegate.h in Headers */ = {isa = PBXBuildFile; fileRef = 9B04558115064569007F8E7C /* NGMoviePlayerDelegate.h */; };
		9B0455861506482A007F8E7C /* NGMoviePlayerVideoGravity.h in Headers */ = {isa = PBXBuildFile; fileRef = 9B0455851506482A007F8E7C /* NGMoviePlayerVideoGravity.h */; };
		9B04558915064DAE007F8E7C /* NGMoviePlayer.h in Headers */ = {isa = PBXBuildFile; fileRef = 9B04558715064DAD007F8E7C /* NGMoviePlayer.h */; };
		9B04558A15064DAE007F8E7C /* NGMoviePlayer.m in Sources */ = {isa = PBXBuildFile; fileRef = 9B04558815064DAE007F8E7C /* NGMoviePlayer.m */; };
		9B2030EA15C2FED400CE8CC4 /* NGMoviePlayerPlaceholderView.h in Headers */ = {isa = PBXBuildFile; fileRef = 9B2030E815C2FED400CE8CC4 /* NGMoviePlayerPlaceholderView.h */; };
		9B2030EB15C2FED400CE8CC4 /* NGMoviePlayerPlaceholderView.m in Sources */ = {isa = PBXBuildFile; fileRef = 9B2030E915C2FED400CE8CC4 /* NGMoviePlayerPlaceholderView.m */; };
		9B2C515C15C211430031EF2A /* NGMoviePlayerViewController.h in Headers */ = {isa = PBXBuildFile; fileRef = 9B2C515A15C211430031EF2A /* NGMoviePlayerViewController.h */; };
		9B2C515D15C211430031EF2A /* NGMoviePlayerViewController.m in Sources */ = {isa = PBXBuildFile; fileRef = 9B2C515B15C211430031EF2A /* NGMoviePlayerViewController.m */; };
		9B73C730150E86C400A4069A /* MediaPlayer.framework in Frameworks */ = {isa = PBXBuildFile; fileRef = 9B73C72F150E86C400A4069A /* MediaPlayer.framework */; };
		9B73C735150F38B000A4069A /* NGMoviePlayerControlView.h in Headers */ = {isa = PBXBuildFile; fileRef = 9B73C733150F38B000A4069A /* NGMoviePlayerControlView.h */; };
		9B73C736150F38B000A4069A /* NGMoviePlayerControlView.m in Sources */ = {isa = PBXBuildFile; fileRef = 9B73C734150F38B000A4069A /* NGMoviePlayerControlView.m */; };
		9B73C786150F49F500A4069A /* CoreMedia.framework in Frameworks */ = {isa = PBXBuildFile; fileRef = 9B73C785150F49F500A4069A /* CoreMedia.framework */; };
		9BE34D50150F96E5001CE6CD /* libNGVolumeControl.a in Frameworks */ = {isa = PBXBuildFile; fileRef = 9BE34D4D150F96C9001CE6CD /* libNGVolumeControl.a */; };
		9BFF8CE51521BFDF0028D3A2 /* NGMoviePlayerFunctions.h in Headers */ = {isa = PBXBuildFile; fileRef = 9BFF8CE31521BFDF0028D3A2 /* NGMoviePlayerFunctions.h */; };
		9BFF8CE61521BFDF0028D3A2 /* NGMoviePlayerFunctions.m in Sources */ = {isa = PBXBuildFile; fileRef = 9BFF8CE41521BFDF0028D3A2 /* NGMoviePlayerFunctions.m */; };
/* End PBXBuildFile section */

/* Begin PBXContainerItemProxy section */
		9BE34D4C150F96C9001CE6CD /* PBXContainerItemProxy */ = {
			isa = PBXContainerItemProxy;
			containerPortal = 9BE34D45150F96C9001CE6CD /* NGVolumeControl.xcodeproj */;
			proxyType = 2;
			remoteGlobalIDString = 9BCC745F14FCCE8D004F30FF;
			remoteInfo = NGVolumeControl;
		};
		9BE34D4E150F96DE001CE6CD /* PBXContainerItemProxy */ = {
			isa = PBXContainerItemProxy;
			containerPortal = 9BE34D45150F96C9001CE6CD /* NGVolumeControl.xcodeproj */;
			proxyType = 1;
			remoteGlobalIDString = 9BCC745E14FCCE8D004F30FF;
			remoteInfo = NGVolumeControl;
		};
/* End PBXContainerItemProxy section */

/* Begin PBXFileReference section */
		9B04550A150640BA007F8E7C /* libNGMoviePlayer.a */ = {isa = PBXFileReference; explicitFileType = archive.ar; includeInIndex = 0; path = libNGMoviePlayer.a; sourceTree = BUILT_PRODUCTS_DIR; };
		9B04550D150640BA007F8E7C /* Foundation.framework */ = {isa = PBXFileReference; lastKnownFileType = wrapper.framework; name = Foundation.framework; path = System/Library/Frameworks/Foundation.framework; sourceTree = SDKROOT; };
		9B045511150640BA007F8E7C /* Prefix.pch */ = {isa = PBXFileReference; lastKnownFileType = sourcecode.c.h; path = Prefix.pch; sourceTree = "<group>"; };
		9B045512150640BA007F8E7C /* NGMoviePlayerView.h */ = {isa = PBXFileReference; lastKnownFileType = sourcecode.c.h; path = NGMoviePlayerView.h; sourceTree = "<group>"; };
		9B045513150640BA007F8E7C /* NGMoviePlayerView.m */ = {isa = PBXFileReference; lastKnownFileType = sourcecode.c.objc; path = NGMoviePlayerView.m; sourceTree = "<group>"; };
		9B0455721506421D007F8E7C /* NGScrubber.h */ = {isa = PBXFileReference; fileEncoding = 4; lastKnownFileType = sourcecode.c.h; path = NGScrubber.h; sourceTree = "<group>"; };
		9B0455731506421D007F8E7C /* NGScrubber.m */ = {isa = PBXFileReference; fileEncoding = 4; lastKnownFileType = sourcecode.c.objc; path = NGScrubber.m; sourceTree = "<group>"; };
		9B0455771506448D007F8E7C /* AVFoundation.framework */ = {isa = PBXFileReference; lastKnownFileType = wrapper.framework; name = AVFoundation.framework; path = System/Library/Frameworks/AVFoundation.framework; sourceTree = SDKROOT; };
		9B04557915064493007F8E7C /* QuartzCore.framework */ = {isa = PBXFileReference; lastKnownFileType = wrapper.framework; name = QuartzCore.framework; path = System/Library/Frameworks/QuartzCore.framework; sourceTree = SDKROOT; };
		9B04557B15064499007F8E7C /* UIKit.framework */ = {isa = PBXFileReference; lastKnownFileType = wrapper.framework; name = UIKit.framework; path = System/Library/Frameworks/UIKit.framework; sourceTree = SDKROOT; };
		9B04557D150644EE007F8E7C /* NGMoviePlayerLayerView.h */ = {isa = PBXFileReference; fileEncoding = 4; lastKnownFileType = sourcecode.c.h; path = NGMoviePlayerLayerView.h; sourceTree = "<group>"; };
		9B04557E150644EE007F8E7C /* NGMoviePlayerLayerView.m */ = {isa = PBXFileReference; fileEncoding = 4; lastKnownFileType = sourcecode.c.objc; path = NGMoviePlayerLayerView.m; sourceTree = "<group>"; };
		9B04558115064569007F8E7C /* NGMoviePlayerDelegate.h */ = {isa = PBXFileReference; fileEncoding = 4; lastKnownFileType = sourcecode.c.h; path = NGMoviePlayerDelegate.h; sourceTree = "<group>"; };
		9B0455851506482A007F8E7C /* NGMoviePlayerVideoGravity.h */ = {isa = PBXFileReference; fileEncoding = 4; lastKnownFileType = sourcecode.c.h; path = NGMoviePlayerVideoGravity.h; sourceTree = "<group>"; };
		9B04558715064DAD007F8E7C /* NGMoviePlayer.h */ = {isa = PBXFileReference; fileEncoding = 4; lastKnownFileType = sourcecode.c.h; path = NGMoviePlayer.h; sourceTree = "<group>"; };
		9B04558815064DAE007F8E7C /* NGMoviePlayer.m */ = {isa = PBXFileReference; fileEncoding = 4; lastKnownFileType = sourcecode.c.objc; path = NGMoviePlayer.m; sourceTree = "<group>"; };
		9B0455951507545E007F8E7C /* NGMoviePlayer.bundle */ = {isa = PBXFileReference; lastKnownFileType = "wrapper.plug-in"; name = NGMoviePlayer.bundle; path = Resources/NGMoviePlayer.bundle; sourceTree = "<group>"; };
		9B1FFFF2152471D600DCE624 /* NGMoviePlayerAudioSessionCategory.h */ = {isa = PBXFileReference; lastKnownFileType = sourcecode.c.h; path = NGMoviePlayerAudioSessionCategory.h; sourceTree = "<group>"; };
		9B2030E815C2FED400CE8CC4 /* NGMoviePlayerPlaceholderView.h */ = {isa = PBXFileReference; fileEncoding = 4; lastKnownFileType = sourcecode.c.h; path = NGMoviePlayerPlaceholderView.h; sourceTree = "<group>"; };
		9B2030E915C2FED400CE8CC4 /* NGMoviePlayerPlaceholderView.m */ = {isa = PBXFileReference; fileEncoding = 4; lastKnownFileType = sourcecode.c.objc; path = NGMoviePlayerPlaceholderView.m; sourceTree = "<group>"; };
		9B2C515A15C211430031EF2A /* NGMoviePlayerViewController.h */ = {isa = PBXFileReference; fileEncoding = 4; lastKnownFileType = sourcecode.c.h; path = NGMoviePlayerViewController.h; sourceTree = "<group>"; };
		9B2C515B15C211430031EF2A /* NGMoviePlayerViewController.m */ = {isa = PBXFileReference; fileEncoding = 4; lastKnownFileType = sourcecode.c.objc; path = NGMoviePlayerViewController.m; sourceTree = "<group>"; };
		9B73C72F150E86C400A4069A /* MediaPlayer.framework */ = {isa = PBXFileReference; lastKnownFileType = wrapper.framework; name = MediaPlayer.framework; path = System/Library/Frameworks/MediaPlayer.framework; sourceTree = SDKROOT; };
		9B73C732150F37E000A4069A /* NGMoviePlayerControlStyle.h */ = {isa = PBXFileReference; lastKnownFileType = sourcecode.c.h; path = NGMoviePlayerControlStyle.h; sourceTree = "<group>"; };
		9B73C733150F38B000A4069A /* NGMoviePlayerControlView.h */ = {isa = PBXFileReference; fileEncoding = 4; lastKnownFileType = sourcecode.c.h; path = NGMoviePlayerControlView.h; sourceTree = "<group>"; };
		9B73C734150F38B000A4069A /* NGMoviePlayerControlView.m */ = {isa = PBXFileReference; fileEncoding = 4; lastKnownFileType = sourcecode.c.objc; path = NGMoviePlayerControlView.m; sourceTree = "<group>"; };
		9B73C77F150F496C00A4069A /* NGWeak.h */ = {isa = PBXFileReference; lastKnownFileType = sourcecode.c.h; path = NGWeak.h; sourceTree = "<group>"; };
		9B73C785150F49F500A4069A /* CoreMedia.framework */ = {isa = PBXFileReference; lastKnownFileType = wrapper.framework; name = CoreMedia.framework; path = System/Library/Frameworks/CoreMedia.framework; sourceTree = SDKROOT; };
		9B73C78B150F5D7300A4069A /* NGMoviePlayerControlActionDelegate.h */ = {isa = PBXFileReference; lastKnownFileType = sourcecode.c.h; path = NGMoviePlayerControlActionDelegate.h; sourceTree = "<group>"; };
		9B7D2B4115F76A46005E1BE2 /* NGMoviePlayerScreenState.h */ = {isa = PBXFileReference; lastKnownFileType = sourcecode.c.h; path = NGMoviePlayerScreenState.h; sourceTree = "<group>"; };
		9BE34D45150F96C9001CE6CD /* NGVolumeControl.xcodeproj */ = {isa = PBXFileReference; lastKnownFileType = "wrapper.pb-project"; name = NGVolumeControl.xcodeproj; path = ../NGVolumeControl/NGVolumeControl/NGVolumeControl.xcodeproj; sourceTree = "<group>"; };
		9BFF8CE31521BFDF0028D3A2 /* NGMoviePlayerFunctions.h */ = {isa = PBXFileReference; fileEncoding = 4; lastKnownFileType = sourcecode.c.h; path = NGMoviePlayerFunctions.h; sourceTree = "<group>"; };
		9BFF8CE41521BFDF0028D3A2 /* NGMoviePlayerFunctions.m */ = {isa = PBXFileReference; fileEncoding = 4; lastKnownFileType = sourcecode.c.objc; path = NGMoviePlayerFunctions.m; sourceTree = "<group>"; };
/* End PBXFileReference section */

/* Begin PBXFrameworksBuildPhase section */
		9B045507150640BA007F8E7C /* Frameworks */ = {
			isa = PBXFrameworksBuildPhase;
			buildActionMask = 2147483647;
			files = (
				9BE34D50150F96E5001CE6CD /* libNGVolumeControl.a in Frameworks */,
				9B73C786150F49F500A4069A /* CoreMedia.framework in Frameworks */,
				9B73C730150E86C400A4069A /* MediaPlayer.framework in Frameworks */,
				9B04557C15064499007F8E7C /* UIKit.framework in Frameworks */,
				9B04557A15064493007F8E7C /* QuartzCore.framework in Frameworks */,
				9B0455781506448D007F8E7C /* AVFoundation.framework in Frameworks */,
				9B04550E150640BA007F8E7C /* Foundation.framework in Frameworks */,
			);
			runOnlyForDeploymentPostprocessing = 0;
		};
/* End PBXFrameworksBuildPhase section */

/* Begin PBXGroup section */
		9B0454FF150640BA007F8E7C = {
			isa = PBXGroup;
			children = (
				9B04550F150640BA007F8E7C /* NGMoviePlayer */,
				9B0455941507543A007F8E7C /* Resources */,
				9B04550C150640BA007F8E7C /* Frameworks */,
				9B04550B150640BA007F8E7C /* Products */,
			);
			sourceTree = "<group>";
		};
		9B04550B150640BA007F8E7C /* Products */ = {
			isa = PBXGroup;
			children = (
				9B04550A150640BA007F8E7C /* libNGMoviePlayer.a */,
			);
			name = Products;
			sourceTree = "<group>";
		};
		9B04550C150640BA007F8E7C /* Frameworks */ = {
			isa = PBXGroup;
			children = (
				9B0455771506448D007F8E7C /* AVFoundation.framework */,
				9B73C785150F49F500A4069A /* CoreMedia.framework */,
				9B04550D150640BA007F8E7C /* Foundation.framework */,
				9B73C72F150E86C400A4069A /* MediaPlayer.framework */,
				9B04557915064493007F8E7C /* QuartzCore.framework */,
				9B04557B15064499007F8E7C /* UIKit.framework */,
				9BE34D45150F96C9001CE6CD /* NGVolumeControl.xcodeproj */,
			);
			name = Frameworks;
			sourceTree = "<group>";
		};
		9B04550F150640BA007F8E7C /* NGMoviePlayer */ = {
			isa = PBXGroup;
			children = (
				9B04558715064DAD007F8E7C /* NGMoviePlayer.h */,
				9B04558815064DAE007F8E7C /* NGMoviePlayer.m */,
				9B1FFFF2152471D600DCE624 /* NGMoviePlayerAudioSessionCategory.h */,
				9B73C78B150F5D7300A4069A /* NGMoviePlayerControlActionDelegate.h */,
				9B73C732150F37E000A4069A /* NGMoviePlayerControlStyle.h */,
				9B73C733150F38B000A4069A /* NGMoviePlayerControlView.h */,
				9B73C734150F38B000A4069A /* NGMoviePlayerControlView.m */,
				9B04558115064569007F8E7C /* NGMoviePlayerDelegate.h */,
				9BFF8CE31521BFDF0028D3A2 /* NGMoviePlayerFunctions.h */,
				9BFF8CE41521BFDF0028D3A2 /* NGMoviePlayerFunctions.m */,
				9B04557D150644EE007F8E7C /* NGMoviePlayerLayerView.h */,
				9B04557E150644EE007F8E7C /* NGMoviePlayerLayerView.m */,
				9B2030E815C2FED400CE8CC4 /* NGMoviePlayerPlaceholderView.h */,
				9B2030E915C2FED400CE8CC4 /* NGMoviePlayerPlaceholderView.m */,
				9B7D2B4115F76A46005E1BE2 /* NGMoviePlayerScreenState.h */,
				9B0455851506482A007F8E7C /* NGMoviePlayerVideoGravity.h */,
				9B045512150640BA007F8E7C /* NGMoviePlayerView.h */,
				9B045513150640BA007F8E7C /* NGMoviePlayerView.m */,
				9B2C515A15C211430031EF2A /* NGMoviePlayerViewController.h */,
				9B2C515B15C211430031EF2A /* NGMoviePlayerViewController.m */,
				9B0455721506421D007F8E7C /* NGScrubber.h */,
				9B0455731506421D007F8E7C /* NGScrubber.m */,
				9B045510150640BA007F8E7C /* Supporting Files */,
			);
			path = NGMoviePlayer;
			sourceTree = "<group>";
		};
		9B045510150640BA007F8E7C /* Supporting Files */ = {
			isa = PBXGroup;
			children = (
				9B045511150640BA007F8E7C /* Prefix.pch */,
				9B73C77F150F496C00A4069A /* NGWeak.h */,
			);
			name = "Supporting Files";
			sourceTree = "<group>";
		};
		9B0455941507543A007F8E7C /* Resources */ = {
			isa = PBXGroup;
			children = (
				9B0455951507545E007F8E7C /* NGMoviePlayer.bundle */,
			);
			name = Resources;
			sourceTree = "<group>";
		};
		9BE34D46150F96C9001CE6CD /* Products */ = {
			isa = PBXGroup;
			children = (
				9BE34D4D150F96C9001CE6CD /* libNGVolumeControl.a */,
			);
			name = Products;
			sourceTree = "<group>";
		};
/* End PBXGroup section */

/* Begin PBXHeadersBuildPhase section */
		9B045508150640BA007F8E7C /* Headers */ = {
			isa = PBXHeadersBuildPhase;
			buildActionMask = 2147483647;
			files = (
				9B0455741506421D007F8E7C /* NGScrubber.h in Headers */,
				9B04557F150644EE007F8E7C /* NGMoviePlayerLayerView.h in Headers */,
				9B04558215064569007F8E7C /* NGMoviePlayerDelegate.h in Headers */,
				9B0455861506482A007F8E7C /* NGMoviePlayerVideoGravity.h in Headers */,
				9B04558915064DAE007F8E7C /* NGMoviePlayer.h in Headers */,
				9B73C735150F38B000A4069A /* NGMoviePlayerControlView.h in Headers */,
				9BFF8CE51521BFDF0028D3A2 /* NGMoviePlayerFunctions.h in Headers */,
				9B2C515C15C211430031EF2A /* NGMoviePlayerViewController.h in Headers */,
				9B2030EA15C2FED400CE8CC4 /* NGMoviePlayerPlaceholderView.h in Headers */,
			);
			runOnlyForDeploymentPostprocessing = 0;
		};
/* End PBXHeadersBuildPhase section */

/* Begin PBXNativeTarget section */
		9B045509150640BA007F8E7C /* NGMoviePlayer */ = {
			isa = PBXNativeTarget;
			buildConfigurationList = 9B045517150640BA007F8E7C /* Build configuration list for PBXNativeTarget "NGMoviePlayer" */;
			buildPhases = (
				9B045506150640BA007F8E7C /* Sources */,
				9B045507150640BA007F8E7C /* Frameworks */,
				9B045508150640BA007F8E7C /* Headers */,
			);
			buildRules = (
			);
			dependencies = (
				9BE34D4F150F96DE001CE6CD /* PBXTargetDependency */,
			);
			name = NGMoviePlayer;
			productName = NGMoviePlayer;
			productReference = 9B04550A150640BA007F8E7C /* libNGMoviePlayer.a */;
			productType = "com.apple.product-type.library.static";
		};
/* End PBXNativeTarget section */

/* Begin PBXProject section */
		9B045501150640BA007F8E7C /* Project object */ = {
			isa = PBXProject;
			attributes = {
				LastUpgradeCheck = 0430;
				ORGANIZATIONNAME = "NOUS Wissensmanagement GmbH";
			};
			buildConfigurationList = 9B045504150640BA007F8E7C /* Build configuration list for PBXProject "NGMoviePlayer" */;
			compatibilityVersion = "Xcode 3.2";
			developmentRegion = English;
			hasScannedForEncodings = 0;
			knownRegions = (
				en,
			);
			mainGroup = 9B0454FF150640BA007F8E7C;
			productRefGroup = 9B04550B150640BA007F8E7C /* Products */;
			projectDirPath = "";
			projectReferences = (
				{
					ProductGroup = 9BE34D46150F96C9001CE6CD /* Products */;
					ProjectRef = 9BE34D45150F96C9001CE6CD /* NGVolumeControl.xcodeproj */;
				},
			);
			projectRoot = "";
			targets = (
				9B045509150640BA007F8E7C /* NGMoviePlayer */,
			);
		};
/* End PBXProject section */

/* Begin PBXReferenceProxy section */
		9BE34D4D150F96C9001CE6CD /* libNGVolumeControl.a */ = {
			isa = PBXReferenceProxy;
			fileType = archive.ar;
			path = libNGVolumeControl.a;
			remoteRef = 9BE34D4C150F96C9001CE6CD /* PBXContainerItemProxy */;
			sourceTree = BUILT_PRODUCTS_DIR;
		};
/* End PBXReferenceProxy section */

/* Begin PBXSourcesBuildPhase section */
		9B045506150640BA007F8E7C /* Sources */ = {
			isa = PBXSourcesBuildPhase;
			buildActionMask = 2147483647;
			files = (
				9B045514150640BA007F8E7C /* NGMoviePlayerView.m in Sources */,
				9B0455751506421D007F8E7C /* NGScrubber.m in Sources */,
				9B045580150644EE007F8E7C /* NGMoviePlayerLayerView.m in Sources */,
				9B04558A15064DAE007F8E7C /* NGMoviePlayer.m in Sources */,
				9B73C736150F38B000A4069A /* NGMoviePlayerControlView.m in Sources */,
				9BFF8CE61521BFDF0028D3A2 /* NGMoviePlayerFunctions.m in Sources */,
				9B2C515D15C211430031EF2A /* NGMoviePlayerViewController.m in Sources */,
				9B2030EB15C2FED400CE8CC4 /* NGMoviePlayerPlaceholderView.m in Sources */,
			);
			runOnlyForDeploymentPostprocessing = 0;
		};
/* End PBXSourcesBuildPhase section */

/* Begin PBXTargetDependency section */
		9BE34D4F150F96DE001CE6CD /* PBXTargetDependency */ = {
			isa = PBXTargetDependency;
			name = NGVolumeControl;
			targetProxy = 9BE34D4E150F96DE001CE6CD /* PBXContainerItemProxy */;
		};
/* End PBXTargetDependency section */

/* Begin XCBuildConfiguration section */
		9B045515150640BA007F8E7C /* Debug */ = {
			isa = XCBuildConfiguration;
			buildSettings = {
				ALWAYS_SEARCH_USER_PATHS = NO;
				ARCHS = "$(ARCHS_STANDARD_32_BIT)";
				CLANG_ENABLE_OBJC_ARC = YES;
				COPY_PHASE_STRIP = NO;
				GCC_C_LANGUAGE_STANDARD = gnu99;
				GCC_DYNAMIC_NO_PIC = NO;
				GCC_OPTIMIZATION_LEVEL = 0;
				GCC_PREPROCESSOR_DEFINITIONS = (
					"DEBUG=1",
					"$(inherited)",
				);
				GCC_SYMBOLS_PRIVATE_EXTERN = NO;
				GCC_VERSION = com.apple.compilers.llvm.clang.1_0;
				GCC_WARN_ABOUT_MISSING_PROTOTYPES = YES;
				GCC_WARN_ABOUT_RETURN_TYPE = YES;
				GCC_WARN_UNUSED_VARIABLE = YES;
				HEADER_SEARCH_PATHS = "../NGVolumeControl/**";
				IPHONEOS_DEPLOYMENT_TARGET = 4.0;
				SDKROOT = iphoneos;
			};
			name = Debug;
		};
		9B045516150640BA007F8E7C /* Release */ = {
			isa = XCBuildConfiguration;
			buildSettings = {
				ALWAYS_SEARCH_USER_PATHS = NO;
				ARCHS = "$(ARCHS_STANDARD_32_BIT)";
				CLANG_ENABLE_OBJC_ARC = YES;
				COPY_PHASE_STRIP = YES;
				GCC_C_LANGUAGE_STANDARD = gnu99;
				GCC_VERSION = com.apple.compilers.llvm.clang.1_0;
				GCC_WARN_ABOUT_MISSING_PROTOTYPES = YES;
				GCC_WARN_ABOUT_RETURN_TYPE = YES;
				GCC_WARN_UNUSED_VARIABLE = YES;
				HEADER_SEARCH_PATHS = "../NGVolumeControl/**";
				IPHONEOS_DEPLOYMENT_TARGET = 4.0;
				SDKROOT = iphoneos;
				VALIDATE_PRODUCT = YES;
			};
			name = Release;
		};
		9B045518150640BA007F8E7C /* Debug */ = {
			isa = XCBuildConfiguration;
			buildSettings = {
				DSTROOT = /tmp/NGMoviePlayer.dst;
				GCC_PRECOMPILE_PREFIX_HEADER = YES;
				GCC_PREFIX_HEADER = NGMoviePlayer/Prefix.pch;
				IPHONEOS_DEPLOYMENT_TARGET = 4.0;
				OTHER_LDFLAGS = "-ObjC";
				PRODUCT_NAME = "$(TARGET_NAME)";
				SKIP_INSTALL = YES;
			};
			name = Debug;
		};
		9B045519150640BA007F8E7C /* Release */ = {
			isa = XCBuildConfiguration;
			buildSettings = {
				DSTROOT = /tmp/NGMoviePlayer.dst;
				GCC_PRECOMPILE_PREFIX_HEADER = YES;
				GCC_PREFIX_HEADER = NGMoviePlayer/Prefix.pch;
				IPHONEOS_DEPLOYMENT_TARGET = 4.0;
				OTHER_LDFLAGS = "-ObjC";
				PRODUCT_NAME = "$(TARGET_NAME)";
				SKIP_INSTALL = YES;
			};
			name = Release;
		};
/* End XCBuildConfiguration section */

/* Begin XCConfigurationList section */
		9B045504150640BA007F8E7C /* Build configuration list for PBXProject "NGMoviePlayer" */ = {
			isa = XCConfigurationList;
			buildConfigurations = (
				9B045515150640BA007F8E7C /* Debug */,
				9B045516150640BA007F8E7C /* Release */,
			);
			defaultConfigurationIsVisible = 0;
			defaultConfigurationName = Release;
		};
		9B045517150640BA007F8E7C /* Build configuration list for PBXNativeTarget "NGMoviePlayer" */ = {
			isa = XCConfigurationList;
			buildConfigurations = (
				9B045518150640BA007F8E7C /* Debug */,
				9B045519150640BA007F8E7C /* Release */,
			);
			defaultConfigurationIsVisible = 0;
			defaultConfigurationName = Release;
		};
/* End XCConfigurationList section */
	};
	rootObject = 9B045501150640BA007F8E7C /* Project object */;
}
